// !$*UTF8*$!
{
	archiveVersion = 1;
	classes = {
	};
	objectVersion = 46;
	objects = {

/* Begin PBXBuildFile section */
		2A6D16A01DF0B8E6005C4221 /* AcknowledgementsViewController.swift in Sources */ = {isa = PBXBuildFile; fileRef = 2A6D169F1DF0B8E6005C4221 /* AcknowledgementsViewController.swift */; };
		2A9B6FFA1DEFBC730093A2D3 /* InstructionsViewController.swift in Sources */ = {isa = PBXBuildFile; fileRef = 2A9B6FF91DEFBC730093A2D3 /* InstructionsViewController.swift */; };
		2AA8E3A31DE7EA8F003C3296 /* AppDelegate.swift in Sources */ = {isa = PBXBuildFile; fileRef = 2AA8E3A21DE7EA8F003C3296 /* AppDelegate.swift */; };
		2AA8E3AA1DE7EA8F003C3296 /* Assets.xcassets in Resources */ = {isa = PBXBuildFile; fileRef = 2AA8E3A91DE7EA8F003C3296 /* Assets.xcassets */; };
		2AA8E3AD1DE7EA8F003C3296 /* LaunchScreen.storyboard in Resources */ = {isa = PBXBuildFile; fileRef = 2AA8E3AB1DE7EA8F003C3296 /* LaunchScreen.storyboard */; };
		2AA8E3B91DEA1140003C3296 /* TitleScreenViewController.swift in Sources */ = {isa = PBXBuildFile; fileRef = 2AA8E3B81DEA1140003C3296 /* TitleScreenViewController.swift */; };
		2AA8E3BB1DEA11AA003C3296 /* ScoreTableViewCell.swift in Sources */ = {isa = PBXBuildFile; fileRef = 2AA8E3BA1DEA11AA003C3296 /* ScoreTableViewCell.swift */; };
		2AA8E3BD1DEA11CD003C3296 /* GameScreenViewController.swift in Sources */ = {isa = PBXBuildFile; fileRef = 2AA8E3BC1DEA11CD003C3296 /* GameScreenViewController.swift */; };
		2AA8E3BF1DEA247D003C3296 /* HighScoreViewController.swift in Sources */ = {isa = PBXBuildFile; fileRef = 2AA8E3BE1DEA247D003C3296 /* HighScoreViewController.swift */; };
		2AE27D751DEE6523000C4BB7 /* QuartzCore.framework in Frameworks */ = {isa = PBXBuildFile; fileRef = 2AE27D741DEE6523000C4BB7 /* QuartzCore.framework */; settings = {ATTRIBUTES = (Weak, ); }; };
		2AE27D791DEE7010000C4BB7 /* BoxButton.swift in Sources */ = {isa = PBXBuildFile; fileRef = 2AE27D781DEE7010000C4BB7 /* BoxButton.swift */; };
/* End PBXBuildFile section */

/* Begin PBXFileReference section */
		2A6D169F1DF0B8E6005C4221 /* AcknowledgementsViewController.swift */ = {isa = PBXFileReference; fileEncoding = 4; lastKnownFileType = sourcecode.swift; path = AcknowledgementsViewController.swift; sourceTree = "<group>"; };
		2A9B6FF91DEFBC730093A2D3 /* InstructionsViewController.swift */ = {isa = PBXFileReference; fileEncoding = 4; lastKnownFileType = sourcecode.swift; path = InstructionsViewController.swift; sourceTree = "<group>"; };
		2AA8E39F1DE7EA8F003C3296 /* Project Final.app */ = {isa = PBXFileReference; explicitFileType = wrapper.application; includeInIndex = 0; path = "Project Final.app"; sourceTree = BUILT_PRODUCTS_DIR; };
		2AA8E3A21DE7EA8F003C3296 /* AppDelegate.swift */ = {isa = PBXFileReference; lastKnownFileType = sourcecode.swift; path = AppDelegate.swift; sourceTree = "<group>"; };
		2AA8E3A91DE7EA8F003C3296 /* Assets.xcassets */ = {isa = PBXFileReference; lastKnownFileType = folder.assetcatalog; path = Assets.xcassets; sourceTree = "<group>"; };
		2AA8E3AC1DE7EA8F003C3296 /* Base */ = {isa = PBXFileReference; lastKnownFileType = file.storyboard; name = Base; path = Base.lproj/LaunchScreen.storyboard; sourceTree = "<group>"; };
		2AA8E3AE1DE7EA8F003C3296 /* Info.plist */ = {isa = PBXFileReference; lastKnownFileType = text.plist.xml; path = Info.plist; sourceTree = "<group>"; };
		2AA8E3B81DEA1140003C3296 /* TitleScreenViewController.swift */ = {isa = PBXFileReference; fileEncoding = 4; lastKnownFileType = sourcecode.swift; path = TitleScreenViewController.swift; sourceTree = "<group>"; };
		2AA8E3BA1DEA11AA003C3296 /* ScoreTableViewCell.swift */ = {isa = PBXFileReference; fileEncoding = 4; lastKnownFileType = sourcecode.swift; path = ScoreTableViewCell.swift; sourceTree = "<group>"; };
		2AA8E3BC1DEA11CD003C3296 /* GameScreenViewController.swift */ = {isa = PBXFileReference; fileEncoding = 4; lastKnownFileType = sourcecode.swift; path = GameScreenViewController.swift; sourceTree = "<group>"; };
		2AA8E3BE1DEA247D003C3296 /* HighScoreViewController.swift */ = {isa = PBXFileReference; fileEncoding = 4; lastKnownFileType = sourcecode.swift; path = HighScoreViewController.swift; sourceTree = "<group>"; };
		2AE27D741DEE6523000C4BB7 /* QuartzCore.framework */ = {isa = PBXFileReference; lastKnownFileType = wrapper.framework; name = QuartzCore.framework; path = System/Library/Frameworks/QuartzCore.framework; sourceTree = SDKROOT; };
		2AE27D781DEE7010000C4BB7 /* BoxButton.swift */ = {isa = PBXFileReference; fileEncoding = 4; lastKnownFileType = sourcecode.swift; path = BoxButton.swift; sourceTree = "<group>"; };
/* End PBXFileReference section */

/* Begin PBXFrameworksBuildPhase section */
		2AA8E39C1DE7EA8F003C3296 /* Frameworks */ = {
			isa = PBXFrameworksBuildPhase;
			buildActionMask = 2147483647;
			files = (
				2AE27D751DEE6523000C4BB7 /* QuartzCore.framework in Frameworks */,
			);
			runOnlyForDeploymentPostprocessing = 0;
		};
/* End PBXFrameworksBuildPhase section */

/* Begin PBXGroup section */
		2AA8E3961DE7EA8E003C3296 = {
			isa = PBXGroup;
			children = (
				2AA8E3A11DE7EA8F003C3296 /* Project Final */,
				2AA8E3A01DE7EA8F003C3296 /* Products */,
				2AE27D731DEE6523000C4BB7 /* Frameworks */,
			);
			sourceTree = "<group>";
		};
		2AA8E3A01DE7EA8F003C3296 /* Products */ = {
			isa = PBXGroup;
			children = (
				2AA8E39F1DE7EA8F003C3296 /* Project Final.app */,
			);
			name = Products;
			sourceTree = "<group>";
		};
		2AA8E3A11DE7EA8F003C3296 /* Project Final */ = {
			isa = PBXGroup;
			children = (
				2AA8E3A21DE7EA8F003C3296 /* AppDelegate.swift */,
				2AA8E3B81DEA1140003C3296 /* TitleScreenViewController.swift */,
				2AA8E3BC1DEA11CD003C3296 /* GameScreenViewController.swift */,
				2AA8E3BE1DEA247D003C3296 /* HighScoreViewController.swift */,
				2AA8E3BA1DEA11AA003C3296 /* ScoreTableViewCell.swift */,
				2AE27D781DEE7010000C4BB7 /* BoxButton.swift */,
				2A9B6FF91DEFBC730093A2D3 /* InstructionsViewController.swift */,
				2A6D169F1DF0B8E6005C4221 /* AcknowledgementsViewController.swift */,
				2AA8E3A91DE7EA8F003C3296 /* Assets.xcassets */,
				2AA8E3AB1DE7EA8F003C3296 /* LaunchScreen.storyboard */,
				2AA8E3AE1DE7EA8F003C3296 /* Info.plist */,
			);
			path = "Project Final";
			sourceTree = "<group>";
		};
		2AE27D731DEE6523000C4BB7 /* Frameworks */ = {
			isa = PBXGroup;
			children = (
				2AE27D741DEE6523000C4BB7 /* QuartzCore.framework */,
			);
			name = Frameworks;
			sourceTree = "<group>";
		};
/* End PBXGroup section */

/* Begin PBXNativeTarget section */
		2AA8E39E1DE7EA8F003C3296 /* Project Final */ = {
			isa = PBXNativeTarget;
			buildConfigurationList = 2AA8E3B11DE7EA8F003C3296 /* Build configuration list for PBXNativeTarget "Project Final" */;
			buildPhases = (
				2AA8E39B1DE7EA8F003C3296 /* Sources */,
				2AA8E39C1DE7EA8F003C3296 /* Frameworks */,
				2AA8E39D1DE7EA8F003C3296 /* Resources */,
			);
			buildRules = (
			);
			dependencies = (
			);
			name = "Project Final";
			productName = "Project Final";
			productReference = 2AA8E39F1DE7EA8F003C3296 /* Project Final.app */;
			productType = "com.apple.product-type.application";
		};
/* End PBXNativeTarget section */

/* Begin PBXProject section */
		2AA8E3971DE7EA8E003C3296 /* Project object */ = {
			isa = PBXProject;
			attributes = {
				LastSwiftUpdateCheck = 0810;
				LastUpgradeCheck = 0810;
				ORGANIZATIONNAME = org.cuappdev.projectfinal;
				TargetAttributes = {
					2AA8E39E1DE7EA8F003C3296 = {
						CreatedOnToolsVersion = 8.1;
						ProvisioningStyle = Automatic;
					};
				};
			};
			buildConfigurationList = 2AA8E39A1DE7EA8E003C3296 /* Build configuration list for PBXProject "Project Final" */;
			compatibilityVersion = "Xcode 3.2";
			developmentRegion = English;
			hasScannedForEncodings = 0;
			knownRegions = (
				en,
				Base,
			);
			mainGroup = 2AA8E3961DE7EA8E003C3296;
			productRefGroup = 2AA8E3A01DE7EA8F003C3296 /* Products */;
			projectDirPath = "";
			projectRoot = "";
			targets = (
				2AA8E39E1DE7EA8F003C3296 /* Project Final */,
			);
		};
/* End PBXProject section */

/* Begin PBXResourcesBuildPhase section */
		2AA8E39D1DE7EA8F003C3296 /* Resources */ = {
			isa = PBXResourcesBuildPhase;
			buildActionMask = 2147483647;
			files = (
				2AA8E3AD1DE7EA8F003C3296 /* LaunchScreen.storyboard in Resources */,
				2AA8E3AA1DE7EA8F003C3296 /* Assets.xcassets in Resources */,
			);
			runOnlyForDeploymentPostprocessing = 0;
		};
/* End PBXResourcesBuildPhase section */

/* Begin PBXSourcesBuildPhase section */
		2AA8E39B1DE7EA8F003C3296 /* Sources */ = {
			isa = PBXSourcesBuildPhase;
			buildActionMask = 2147483647;
			files = (
				2AA8E3BD1DEA11CD003C3296 /* GameScreenViewController.swift in Sources */,
				2A6D16A01DF0B8E6005C4221 /* AcknowledgementsViewController.swift in Sources */,
				2AA8E3BB1DEA11AA003C3296 /* ScoreTableViewCell.swift in Sources */,
				2AA8E3A31DE7EA8F003C3296 /* AppDelegate.swift in Sources */,
				2AA8E3B91DEA1140003C3296 /* TitleScreenViewController.swift in Sources */,
				2AA8E3BF1DEA247D003C3296 /* HighScoreViewController.swift in Sources */,
				2A9B6FFA1DEFBC730093A2D3 /* InstructionsViewController.swift in Sources */,
				2AE27D791DEE7010000C4BB7 /* BoxButton.swift in Sources */,
			);
			runOnlyForDeploymentPostprocessing = 0;
		};
/* End PBXSourcesBuildPhase section */

/* Begin PBXVariantGroup section */
		2AA8E3AB1DE7EA8F003C3296 /* LaunchScreen.storyboard */ = {
			isa = PBXVariantGroup;
			children = (
				2AA8E3AC1DE7EA8F003C3296 /* Base */,
			);
			name = LaunchScreen.storyboard;
			sourceTree = "<group>";
		};
/* End PBXVariantGroup section */

/* Begin XCBuildConfiguration section */
		2AA8E3AF1DE7EA8F003C3296 /* Debug */ = {
			isa = XCBuildConfiguration;
			buildSettings = {
				ALWAYS_SEARCH_USER_PATHS = NO;
				CLANG_ANALYZER_NONNULL = YES;
				CLANG_CXX_LANGUAGE_STANDARD = "gnu++0x";
				CLANG_CXX_LIBRARY = "libc++";
				CLANG_ENABLE_MODULES = YES;
				CLANG_ENABLE_OBJC_ARC = YES;
				CLANG_WARN_BOOL_CONVERSION = YES;
				CLANG_WARN_CONSTANT_CONVERSION = YES;
				CLANG_WARN_DIRECT_OBJC_ISA_USAGE = YES_ERROR;
				CLANG_WARN_DOCUMENTATION_COMMENTS = YES;
				CLANG_WARN_EMPTY_BODY = YES;
				CLANG_WARN_ENUM_CONVERSION = YES;
				CLANG_WARN_INFINITE_RECURSION = YES;
				CLANG_WARN_INT_CONVERSION = YES;
				CLANG_WARN_OBJC_ROOT_CLASS = YES_ERROR;
				CLANG_WARN_SUSPICIOUS_MOVES = YES;
				CLANG_WARN_UNREACHABLE_CODE = YES;
				CLANG_WARN__DUPLICATE_METHOD_MATCH = YES;
				"CODE_SIGN_IDENTITY[sdk=iphoneos*]" = "iPhone Developer";
				COPY_PHASE_STRIP = NO;
				DEBUG_INFORMATION_FORMAT = dwarf;
				ENABLE_STRICT_OBJC_MSGSEND = YES;
				ENABLE_TESTABILITY = YES;
				GCC_C_LANGUAGE_STANDARD = gnu99;
				GCC_DYNAMIC_NO_PIC = NO;
				GCC_NO_COMMON_BLOCKS = YES;
				GCC_OPTIMIZATION_LEVEL = 0;
				GCC_PREPROCESSOR_DEFINITIONS = (
					"DEBUG=1",
					"$(inherited)",
				);
				GCC_WARN_64_TO_32_BIT_CONVERSION = YES;
				GCC_WARN_ABOUT_RETURN_TYPE = YES_ERROR;
				GCC_WARN_UNDECLARED_SELECTOR = YES;
				GCC_WARN_UNINITIALIZED_AUTOS = YES_AGGRESSIVE;
				GCC_WARN_UNUSED_FUNCTION = YES;
				GCC_WARN_UNUSED_VARIABLE = YES;
				IPHONEOS_DEPLOYMENT_TARGET = 10.1;
				MTL_ENABLE_DEBUG_INFO = YES;
				ONLY_ACTIVE_ARCH = YES;
				SDKROOT = iphoneos;
				SWIFT_ACTIVE_COMPILATION_CONDITIONS = DEBUG;
				SWIFT_OPTIMIZATION_LEVEL = "-Onone";
			};
			name = Debug;
		};
		2AA8E3B01DE7EA8F003C3296 /* Release */ = {
			isa = XCBuildConfiguration;
			buildSettings = {
				ALWAYS_SEARCH_USER_PATHS = NO;
				CLANG_ANALYZER_NONNULL = YES;
				CLANG_CXX_LANGUAGE_STANDARD = "gnu++0x";
				CLANG_CXX_LIBRARY = "libc++";
				CLANG_ENABLE_MODULES = YES;
				CLANG_ENABLE_OBJC_ARC = YES;
				CLANG_WARN_BOOL_CONVERSION = YES;
				CLANG_WARN_CONSTANT_CONVERSION = YES;
				CLANG_WARN_DIRECT_OBJC_ISA_USAGE = YES_ERROR;
				CLANG_WARN_DOCUMENTATION_COMMENTS = YES;
				CLANG_WARN_EMPTY_BODY = YES;
				CLANG_WARN_ENUM_CONVERSION = YES;
				CLANG_WARN_INFINITE_RECURSION = YES;
				CLANG_WARN_INT_CONVERSION = YES;
				CLANG_WARN_OBJC_ROOT_CLASS = YES_ERROR;
				CLANG_WARN_SUSPICIOUS_MOVES = YES;
				CLANG_WARN_UNREACHABLE_CODE = YES;
				CLANG_WARN__DUPLICATE_METHOD_MATCH = YES;
				"CODE_SIGN_IDENTITY[sdk=iphoneos*]" = "iPhone Developer";
				COPY_PHASE_STRIP = NO;
				DEBUG_INFORMATION_FORMAT = "dwarf-with-dsym";
				ENABLE_NS_ASSERTIONS = NO;
				ENABLE_STRICT_OBJC_MSGSEND = YES;
				GCC_C_LANGUAGE_STANDARD = gnu99;
				GCC_NO_COMMON_BLOCKS = YES;
				GCC_WARN_64_TO_32_BIT_CONVERSION = YES;
				GCC_WARN_ABOUT_RETURN_TYPE = YES_ERROR;
				GCC_WARN_UNDECLARED_SELECTOR = YES;
				GCC_WARN_UNINITIALIZED_AUTOS = YES_AGGRESSIVE;
				GCC_WARN_UNUSED_FUNCTION = YES;
				GCC_WARN_UNUSED_VARIABLE = YES;
				IPHONEOS_DEPLOYMENT_TARGET = 10.1;
				MTL_ENABLE_DEBUG_INFO = NO;
				SDKROOT = iphoneos;
				SWIFT_OPTIMIZATION_LEVEL = "-Owholemodule";
				VALIDATE_PRODUCT = YES;
			};
			name = Release;
		};
		2AA8E3B21DE7EA8F003C3296 /* Debug */ = {
			isa = XCBuildConfiguration;
			buildSettings = {
				ASSETCATALOG_COMPILER_APPICON_NAME = AppIcon;
				INFOPLIST_FILE = "Project Final/Info.plist";
				LD_RUNPATH_SEARCH_PATHS = "$(inherited) @executable_path/Frameworks";
				PRODUCT_BUNDLE_IDENTIFIER = "CUAppDev.Project-Final";
				PRODUCT_NAME = "$(TARGET_NAME)";
				SWIFT_VERSION = 3.0;
			};
			name = Debug;
		};
		2AA8E3B31DE7EA8F003C3296 /* Release */ = {
			isa = XCBuildConfiguration;
			buildSettings = {
				ASSETCATALOG_COMPILER_APPICON_NAME = AppIcon;
				INFOPLIST_FILE = "Project Final/Info.plist";
				LD_RUNPATH_SEARCH_PATHS = "$(inherited) @executable_path/Frameworks";
				PRODUCT_BUNDLE_IDENTIFIER = "CUAppDev.Project-Final";
				PRODUCT_NAME = "$(TARGET_NAME)";
				SWIFT_VERSION = 3.0;
			};
			name = Release;
		};
/* End XCBuildConfiguration section */

/* Begin XCConfigurationList section */
		2AA8E39A1DE7EA8E003C3296 /* Build configuration list for PBXProject "Project Final" */ = {
			isa = XCConfigurationList;
			buildConfigurations = (
				2AA8E3AF1DE7EA8F003C3296 /* Debug */,
				2AA8E3B01DE7EA8F003C3296 /* Release */,
			);
			defaultConfigurationIsVisible = 0;
			defaultConfigurationName = Release;
		};
		2AA8E3B11DE7EA8F003C3296 /* Build configuration list for PBXNativeTarget "Project Final" */ = {
			isa = XCConfigurationList;
			buildConfigurations = (
				2AA8E3B21DE7EA8F003C3296 /* Debug */,
				2AA8E3B31DE7EA8F003C3296 /* Release */,
			);
			defaultConfigurationIsVisible = 0;
			defaultConfigurationName = Release;
		};
/* End XCConfigurationList section */
	};
	rootObject = 2AA8E3971DE7EA8E003C3296 /* Project object */;
}
